
Microsoft Visual Studio Solution File, Format Version 12.00
# Visual Studio Version 17
VisualStudioVersion = 17.5.33530.505
MinimumVisualStudioVersion = 10.0.40219.1
Project("{FAE04EC0-301F-11D3-BF4B-00C04F79EFBC}") = "Lab2-imageAiProcessing", "Lab2-imageAiProcessing.csproj", "{52AD2D42-4332-4BE9-B0DF-B2DA471E781B}"
EndProject
Global
	GlobalSection(SolutionConfigurationPlatforms) = preSolution
		Debug|Any CPU = Debug|Any CPU
		Release|Any CPU = Release|Any CPU
	EndGlobalSection
	GlobalSection(ProjectConfigurationPlatforms) = postSolution
		{52AD2D42-4332-4BE9-B0DF-B2DA471E781B}.Debug|Any CPU.ActiveCfg = Debug|Any CPU
		{52AD2D42-4332-4BE9-B0DF-B2DA471E781B}.Debug|Any CPU.Build.0 = Debug|Any CPU
		{52AD2D42-4332-4BE9-B0DF-B2DA471E781B}.Release|Any CPU.ActiveCfg = Release|Any CPU
		{52AD2D42-4332-4BE9-B0DF-B2DA471E781B}.Release|Any CPU.Build.0 = Release|Any CPU
	EndGlobalSection
	GlobalSection(SolutionProperties) = preSolution
		HideSolutionNode = FALSE
	EndGlobalSection
	GlobalSection(ExtensibilityGlobals) = postSolution
		SolutionGuid = {70CCE36E-680D-4D83-B1C8-D4D7B8599383}
	EndGlobalSection
EndGlobal
